
Microsoft Visual Studio Solution File, Format Version 12.00
# Visual Studio Version 16
VisualStudioVersion = 16.0.30517.126
MinimumVisualStudioVersion = 10.0.40219.1
Project("{FAE04EC0-301F-11D3-BF4B-00C04F79EFBC}") = "Marcus", "Marcus\Marcus.csproj", "{612BE8E6-0963-4E6A-BC62-59C0AB867431}"
EndProject
Global
	GlobalSection(SolutionConfigurationPlatforms) = preSolution
		Debug|Any CPU = Debug|Any CPU
		Release|Any CPU = Release|Any CPU
	EndGlobalSection
	GlobalSection(ProjectConfigurationPlatforms) = postSolution
		{612BE8E6-0963-4E6A-BC62-59C0AB867431}.Debug|Any CPU.ActiveCfg = Debug|Any CPU
		{612BE8E6-0963-4E6A-BC62-59C0AB867431}.Debug|Any CPU.Build.0 = Debug|Any CPU
		{612BE8E6-0963-4E6A-BC62-59C0AB867431}.Release|Any CPU.ActiveCfg = Release|Any CPU
		{612BE8E6-0963-4E6A-BC62-59C0AB867431}.Release|Any CPU.Build.0 = Release|Any CPU
	EndGlobalSection
	GlobalSection(SolutionProperties) = preSolution
		HideSolutionNode = FALSE
	EndGlobalSection
	GlobalSection(ExtensibilityGlobals) = postSolution
		SolutionGuid = {7960AF5F-B71E-4108-8F17-E9BFC28B70E5}
	EndGlobalSection
EndGlobal
